# THIS IS AN AUTOGENERATED FILE. DO NOT EDIT THIS FILE DIRECTLY.
# yarn lockfile v1


"@barba/core@^2.9.7":
  version "2.9.7"
  resolved "https://registry.yarnpkg.com/@barba/core/-/core-2.9.7.tgz#803f7b54c6fa7d69e482378168f701cbb1a28d8b"
  integrity sha512-GLtpty1fzWnd500AoUHd+hJoSCVElqth20P4W8Bf0IAA9nd1K5e8NbPnCegXC4KzOwV+JHk5DVofAZcoc+I54Q==
  dependencies:
    is-promise "^2.1.0"
    path-to-regexp "^3.0.0"

"@barba/css@^2.1.15":
  version "2.1.15"
  resolved "https://registry.yarnpkg.com/@barba/css/-/css-2.1.15.tgz#1bb0b1441723d581b032d4b0950c5a568484bb4e"
  integrity sha512-nzLZZHqvQ+j22rLD1xIOUBPEYibHqa0euIiwo8vOvLg0ny9yWAUKfHDLJLDY0U1QC80oWHa+bp4rtolYmYeuQA==

"@barba/prefetch@^2.1.10":
  version "2.1.10"
  resolved "https://registry.yarnpkg.com/@barba/prefetch/-/prefetch-2.1.10.tgz#69ab0ab579c99b0d78d219acd81dd4de68755e99"
  integrity sha512-5mdrn9uEL4FoBDRLl+C7o06NaYP7Xsu2AAoD8YLKrgPemJP5Hjq6++kG8DtYrvvTjPPhuFMxSjGJxnhOKYalnQ==

is-promise@^2.1.0:
  version "2.2.2"
  resolved "https://registry.yarnpkg.com/is-promise/-/is-promise-2.2.2.tgz#39ab959ccbf9a774cf079f7b40c7a26f763135f1"
  integrity sha512-+lP4/6lKUBfQjZ2pdxThZvLUAafmZb8OAxFb8XXtiQmS35INgr85hdOGoEs124ez1FCnZJt6jau/T+alh58QFQ==

path-parse@^1.0.6:
  version "1.0.7"
  resolved "https://registry.yarnpkg.com/path-parse/-/path-parse-1.0.7.tgz#fbc114b60ca42b30d9daf5858e4bd68bbedb6735"
  integrity sha512-LDJzPVEEEPR+y48z93A0Ed0yXb8pAByGWo/k5YYdYgpY2/2EsOsksJrq7lOHxryrVOn1ejG6oAp8ahvOIQD8sw==

path-to-regexp@^3.0.0:
  version "3.2.0"
  resolved "https://registry.yarnpkg.com/path-to-regexp/-/path-to-regexp-3.2.0.tgz#fa7877ecbc495c601907562222453c43cc204a5f"
  integrity sha512-jczvQbCUS7XmS7o+y1aEO9OBVFeZBQ1MDSEqmO7xSoPgOPoowY/SxLpZ6Vh97/8qHZOteiCKb7gkG9gA2ZUxJA==

resolve@>=1.9.0:
  version "1.17.0"
  resolved "https://registry.yarnpkg.com/resolve/-/resolve-1.17.0.tgz#b25941b54968231cc2d1bb76a79cb7f2c0bf8444"
  integrity sha512-ic+7JYiV8Vi2yzQGFWOkiZD5Z9z7O2Zhm9XMaTxdJExKasieFCr+yXZ/WmXsckHiKl12ar0y6XiXDx3m4RHn1w==
  dependencies:
    path-parse "^1.0.6"

ttypescript@^1.5.11:
  version "1.5.11"
  resolved "https://registry.yarnpkg.com/ttypescript/-/ttypescript-1.5.11.tgz#198a065d01f5541e976bc3e12764ff3d48fbcc80"
  integrity sha512-sN7WE3Gnty0Wbs+AfSeXOaG2zYWw0/ghtlGftutidgwaZwEC8/Lg6yHiYFlqc6DEYynxrRPvU7UkNloygdCQVQ==
  dependencies:
    resolve ">=1.9.0"

typescript-transform-paths@^2.0.0:
  version "2.0.0"
  resolved "https://registry.yarnpkg.com/typescript-transform-paths/-/typescript-transform-paths-2.0.0.tgz#7dfaded593c45aba209009b820fc098a11862fa6"
  integrity sha512-62mmNsZ6mUMrcusTHyAJBuyZl+5ltsArFVXj6AdRIF/6IJUykYwly0LtjeEPE5MTtkhkCfv4s9eYFb73giKrfQ==

typescript@3.9.7:
  version "3.9.7"
  resolved "https://registry.yarnpkg.com/typescript/-/typescript-3.9.7.tgz#98d600a5ebdc38f40cb277522f12dc800e9e25fa"
  integrity sha512-BLbiRkiBzAwsjut4x/dsibSTB6yWpwT5qWmC2OfuCg3GgVQCSgMs4vEctYPhsaGtd0AeuuHMkjZ2h2WG8MSzRw==
