# THIS IS AN AUTOGENERATED FILE. DO NOT EDIT THIS FILE DIRECTLY.
# yarn lockfile v1


commander@^2.20.0:
  version "2.20.3"
  resolved "https://registry.yarnpkg.com/commander/-/commander-2.20.3.tgz#fd485e84c03eb4881c20722ba48035e8531aeb33"
  integrity sha512-GpVkmM8vF2vQUkj2LvZmD35JxeJOLCwJ9cUkugyk2nuhbv3+mJvpLYYt+0+USMxE+oj+ey/lJEnhZw75x/OMcQ==

executioner@^2.0.1:
  version "2.0.1"
  resolved "https://registry.yarnpkg.com/executioner/-/executioner-2.0.1.tgz#add328e03bc45dd598f358fbb529fc0be0ec6fcd"
  integrity sha1-rdMo4DvEXdWY81j7tSn8C+Dsb80=
  dependencies:
    mixly "^1.0.0"

fulcon@^1.0.1:
  version "1.0.2"
  resolved "https://registry.yarnpkg.com/fulcon/-/fulcon-1.0.2.tgz#8a4dfda4c73fcd9cc62a79d5045c392b45547320"
  integrity sha1-ik39pMc/zZzGKnnVBFw5K0VUcyA=

install-peers-cli@^2.2.0:
  version "2.2.0"
  resolved "https://registry.yarnpkg.com/install-peers-cli/-/install-peers-cli-2.2.0.tgz#f76f1ec8ac9fa7f920c05743e011554edad85f8d"
  integrity sha512-scSNvF49HDOLNm2xLFwST23g/OvfsceiA087bcGBgZP/ZNCrvpSaCn5IrWNZ2XYmFFykXF/6J1Zgm+D/JgRgtA==
  dependencies:
    commander "^2.20.0"
    executioner "^2.0.1"

lit-html@^1.1.2:
  version "1.4.1"
  resolved "https://registry.yarnpkg.com/lit-html/-/lit-html-1.4.1.tgz#0c6f3ee4ad4eb610a49831787f0478ad8e9ae5e0"
  integrity sha512-B9btcSgPYb1q4oSOb/PrOT6Z/H+r6xuNzfH4lFli/AWhYwdtrgQkQWBbIc6mdnf6E2IL3gDXdkkqNktpU0OZQA==

mixly@^1.0.0:
  version "1.0.0"
  resolved "https://registry.yarnpkg.com/mixly/-/mixly-1.0.0.tgz#9b5a2e1f63e6dfba0d30e6797ffae62ab1dc24ef"
  integrity sha1-m1ouH2Pm37oNMOZ5f/rmKrHcJO8=
  dependencies:
    fulcon "^1.0.1"

on-change@^1.6.2:
  version "1.8.1"
  resolved "https://registry.yarnpkg.com/on-change/-/on-change-1.8.1.tgz#3b758bb840b08983b2a3f74160922952dd08cb07"
  integrity sha512-Mveu66Zft5YKewHySw0XyGsTgtsUUGzKyx6Fq54fySX3pRkHYkmaHsPrjsdph/OqAffHXygTTaQ1w3+HycpIYg==

ovee.js@^2.0.7:
  version "2.0.7"
  resolved "https://registry.yarnpkg.com/ovee.js/-/ovee.js-2.0.7.tgz#be82a4f4e4d5ab378ab952fec6bfaccacc4a2613"
  integrity sha512-wqaBlVhYqx5ZhqcrS/eJfRMjXeP+SoaQtAQo0pn4AW142XVHFc5TYXwmqECyfMRCnNk48dbQedgwCapJoH8FUg==
  dependencies:
    lit-html "^1.1.2"
    on-change "^1.6.2"

path-parse@^1.0.6:
  version "1.0.7"
  resolved "https://registry.yarnpkg.com/path-parse/-/path-parse-1.0.7.tgz#fbc114b60ca42b30d9daf5858e4bd68bbedb6735"
  integrity sha512-LDJzPVEEEPR+y48z93A0Ed0yXb8pAByGWo/k5YYdYgpY2/2EsOsksJrq7lOHxryrVOn1ejG6oAp8ahvOIQD8sw==

resolve@>=1.9.0:
  version "1.17.0"
  resolved "https://registry.yarnpkg.com/resolve/-/resolve-1.17.0.tgz#b25941b54968231cc2d1bb76a79cb7f2c0bf8444"
  integrity sha512-ic+7JYiV8Vi2yzQGFWOkiZD5Z9z7O2Zhm9XMaTxdJExKasieFCr+yXZ/WmXsckHiKl12ar0y6XiXDx3m4RHn1w==
  dependencies:
    path-parse "^1.0.6"

ttypescript@^1.5.11:
  version "1.5.11"
  resolved "https://registry.yarnpkg.com/ttypescript/-/ttypescript-1.5.11.tgz#198a065d01f5541e976bc3e12764ff3d48fbcc80"
  integrity sha512-sN7WE3Gnty0Wbs+AfSeXOaG2zYWw0/ghtlGftutidgwaZwEC8/Lg6yHiYFlqc6DEYynxrRPvU7UkNloygdCQVQ==
  dependencies:
    resolve ">=1.9.0"

typescript-transform-paths@^2.0.0:
  version "2.0.0"
  resolved "https://registry.yarnpkg.com/typescript-transform-paths/-/typescript-transform-paths-2.0.0.tgz#7dfaded593c45aba209009b820fc098a11862fa6"
  integrity sha512-62mmNsZ6mUMrcusTHyAJBuyZl+5ltsArFVXj6AdRIF/6IJUykYwly0LtjeEPE5MTtkhkCfv4s9eYFb73giKrfQ==

typescript@3.9.7:
  version "3.9.7"
  resolved "https://registry.yarnpkg.com/typescript/-/typescript-3.9.7.tgz#98d600a5ebdc38f40cb277522f12dc800e9e25fa"
  integrity sha512-BLbiRkiBzAwsjut4x/dsibSTB6yWpwT5qWmC2OfuCg3GgVQCSgMs4vEctYPhsaGtd0AeuuHMkjZ2h2WG8MSzRw==
